{
  "requires": true,
  "lockfileVersion": 1,
  "dependencies": {
    "sort-by-typescript": {
      "version": "1.0.2",
      "resolved": "https://registry.npmjs.org/sort-by-typescript/-/sort-by-typescript-1.0.2.tgz",
      "integrity": "sha512-LwYGcgQnvvjRTzgqpAg4Y60NBDjJAGfIZtkQ7acIFEHNeQxMHV9LSa8edOUx4rtuD68if8ObeHZYT5XuGasddA=="
    }
  }
}
